
Microsoft Visual Studio Solution File, Format Version 12.00
# Visual Studio Version 17
VisualStudioVersion = 17.0.31903.59
MinimumVisualStudioVersion = 10.0.40219.1
Project("{FAE04EC0-301F-11D3-BF4B-00C04F79EFBC}") = "AllTests", "AllTests\AllTests.csproj", "{89E3864A-6F55-406A-9557-20FA608E2BEB}"
EndProject
Global
	GlobalSection(SolutionConfigurationPlatforms) = preSolution
		Debug|Any CPU = Debug|Any CPU
		Release|Any CPU = Release|Any CPU
	EndGlobalSection
	GlobalSection(SolutionProperties) = preSolution
		HideSolutionNode = FALSE
	EndGlobalSection
	GlobalSection(ProjectConfigurationPlatforms) = postSolution
		{661D6754-C7AB-4C6A-B4CD-37FD600D5CF2}.Debug|Any CPU.ActiveCfg = Debug|Any CPU
		{661D6754-C7AB-4C6A-B4CD-37FD600D5CF2}.Debug|Any CPU.Build.0 = Debug|Any CPU
		{661D6754-C7AB-4C6A-B4CD-37FD600D5CF2}.Release|Any CPU.ActiveCfg = Release|Any CPU
		{661D6754-C7AB-4C6A-B4CD-37FD600D5CF2}.Release|Any CPU.Build.0 = Release|Any CPU
		{89E3864A-6F55-406A-9557-20FA608E2BEB}.Debug|Any CPU.ActiveCfg = Debug|Any CPU
		{89E3864A-6F55-406A-9557-20FA608E2BEB}.Debug|Any CPU.Build.0 = Debug|Any CPU
		{89E3864A-6F55-406A-9557-20FA608E2BEB}.Release|Any CPU.ActiveCfg = Release|Any CPU
		{89E3864A-6F55-406A-9557-20FA608E2BEB}.Release|Any CPU.Build.0 = Release|Any CPU
	EndGlobalSection
EndGlobal
